
Microsoft Visual Studio Solution File, Format Version 12.00
# Visual Studio Version 17
VisualStudioVersion = 17.13.35806.99 d17.13
MinimumVisualStudioVersion = 10.0.40219.1
Project("{FAE04EC0-301F-11D3-BF4B-00C04F79EFBC}") = "tpmodul6_2311104078", "tpmodul6_2311104078\tpmodul6_2311104078.csproj", "{76186F9E-B378-4341-AEC8-C1916555B475}"
EndProject
Global
	GlobalSection(SolutionConfigurationPlatforms) = preSolution
		Debug|Any CPU = Debug|Any CPU
		Release|Any CPU = Release|Any CPU
	EndGlobalSection
	GlobalSection(ProjectConfigurationPlatforms) = postSolution
		{76186F9E-B378-4341-AEC8-C1916555B475}.Debug|Any CPU.ActiveCfg = Debug|Any CPU
		{76186F9E-B378-4341-AEC8-C1916555B475}.Debug|Any CPU.Build.0 = Debug|Any CPU
		{76186F9E-B378-4341-AEC8-C1916555B475}.Release|Any CPU.ActiveCfg = Release|Any CPU
		{76186F9E-B378-4341-AEC8-C1916555B475}.Release|Any CPU.Build.0 = Release|Any CPU
	EndGlobalSection
	GlobalSection(SolutionProperties) = preSolution
		HideSolutionNode = FALSE
	EndGlobalSection
	GlobalSection(ExtensibilityGlobals) = postSolution
		SolutionGuid = {8BAAAC05-00C9-444B-993A-18071A014FE0}
	EndGlobalSection
EndGlobal
